{
  "nodes": {
    "blueprint": {
      "inputs": {
        "nixpkgs": [
          "nixpkgs"
        ],
        "systems": "systems"
      },
      "locked": {
        "lastModified": 1771437256,
        "narHash": "sha256-bLqwib+rtyBRRVBWhMuBXPCL/OThfokA+j6+uH7jDGU=",
        "owner": "numtide",
        "repo": "blueprint",
        "rev": "06ee7190dc2620ea98af9eb225aa9627b68b0e33",
        "type": "github"
      },
      "original": {
        "owner": "numtide",
        "repo": "blueprint",
        "type": "github"
      }
    },
    "nixpkgs": {
      "locked": {
        "lastModified": 1771369470,
        "narHash": "sha256-0NBlEBKkN3lufyvFegY4TYv5mCNHbi5OmBDrzihbBMQ=",
        "owner": "NixOS",
        "repo": "nixpkgs",
        "rev": "0182a361324364ae3f436a63005877674cf45efb",
        "type": "github"
      },
      "original": {
        "owner": "NixOS",
        "ref": "nixos-unstable",
        "repo": "nixpkgs",
        "type": "github"
      }
    },
    "root": {
      "inputs": {
        "blueprint": "blueprint",
        "nixpkgs": "nixpkgs",
        "wasm4-src": "wasm4-src",
        "wasm4-src-full": "wasm4-src-full"
      }
    },
    "systems": {
      "locked": {
        "lastModified": 1681028828,
        "narHash": "sha256-Vy1rq5AaRuLzOxct8nz4T6wlgyUR7zLU309k9mBC768=",
        "owner": "nix-systems",
        "repo": "default",
        "rev": "da67096a3b9bf56a91d16901293e51ba5b49a27e",
        "type": "github"
      },
      "original": {
        "owner": "nix-systems",
        "repo": "default",
        "type": "github"
      }
    },
    "wasm4-src": {
      "flake": false,
      "locked": {
        "lastModified": 1734062069,
        "narHash": "sha256-QZtPqq92SXmH5DbyTgyHK+GG2TZglRpTKyX2tCd2xd8=",
        "owner": "aduros",
        "repo": "wasm4",
        "rev": "92490f261659921d8b724f10b5b842cdf5a0a1bb",
        "type": "github"
      },
      "original": {
        "owner": "aduros",
        "ref": "v2.7.1",
        "repo": "wasm4",
        "type": "github"
      }
    },
    "wasm4-src-full": {
      "flake": false,
      "locked": {
        "lastModified": 1734062069,
        "narHash": "sha256-QmSqQh+8w8pxoQcgHrsTfv/lIb5Xh7LkATnSMDUwjKo=",
        "ref": "refs/tags/v2.7.1",
        "rev": "92490f261659921d8b724f10b5b842cdf5a0a1bb",
        "revCount": 1738,
        "submodules": true,
        "type": "git",
        "url": "https://github.com/aduros/wasm4"
      },
      "original": {
        "ref": "refs/tags/v2.7.1",
        "submodules": true,
        "type": "git",
        "url": "https://github.com/aduros/wasm4"
      }
    }
  },
  "root": "root",
  "version": 7
}
